
Microsoft Visual Studio Solution File, Format Version 12.00
Project("{FAE04EC0-301F-11D3-BF4B-00C04F79EFBC}") = "FileReadWrite", "FileReadWrite\FileReadWrite.csproj", "{602A4CDD-06CD-4241-A6E2-FF25C095B3F2}"
EndProject
Global
	GlobalSection(SolutionConfigurationPlatforms) = preSolution
		Debug|Any CPU = Debug|Any CPU
		Release|Any CPU = Release|Any CPU
	EndGlobalSection
	GlobalSection(ProjectConfigurationPlatforms) = postSolution
		{602A4CDD-06CD-4241-A6E2-FF25C095B3F2}.Debug|Any CPU.ActiveCfg = Debug|Any CPU
		{602A4CDD-06CD-4241-A6E2-FF25C095B3F2}.Debug|Any CPU.Build.0 = Debug|Any CPU
		{602A4CDD-06CD-4241-A6E2-FF25C095B3F2}.Release|Any CPU.ActiveCfg = Release|Any CPU
		{602A4CDD-06CD-4241-A6E2-FF25C095B3F2}.Release|Any CPU.Build.0 = Release|Any CPU
	EndGlobalSection
EndGlobal
