
Microsoft Visual Studio Solution File, Format Version 12.00
Project("{FAE04EC0-301F-11D3-BF4B-00C04F79EFBC}") = "Literally drawing a line in a console", "Literally drawing a line in a console\Literally drawing a line in a console.csproj", "{30C654F3-0679-431C-89CD-791C5610F4C3}"
EndProject
Global
	GlobalSection(SolutionConfigurationPlatforms) = preSolution
		Debug|Any CPU = Debug|Any CPU
		Release|Any CPU = Release|Any CPU
	EndGlobalSection
	GlobalSection(ProjectConfigurationPlatforms) = postSolution
		{30C654F3-0679-431C-89CD-791C5610F4C3}.Debug|Any CPU.ActiveCfg = Debug|Any CPU
		{30C654F3-0679-431C-89CD-791C5610F4C3}.Debug|Any CPU.Build.0 = Debug|Any CPU
		{30C654F3-0679-431C-89CD-791C5610F4C3}.Release|Any CPU.ActiveCfg = Release|Any CPU
		{30C654F3-0679-431C-89CD-791C5610F4C3}.Release|Any CPU.Build.0 = Release|Any CPU
	EndGlobalSection
EndGlobal
